
Microsoft Visual Studio Solution File, Format Version 12.00
# Visual Studio Version 17
VisualStudioVersion = 17.2.32505.173
MinimumVisualStudioVersion = 10.0.40219.1
Project("{2150E333-8FDC-42A3-9474-1A3956D46DE8}") = "ShopManagement", "ShopManagement", "{33461DAE-9A58-403E-B800-671F7743C2D8}"
EndProject
Project("{2150E333-8FDC-42A3-9474-1A3956D46DE8}") = "SM.Domain", "SM.Domain", "{016DF830-9067-4DDE-BE0D-67711D11E14E}"
EndProject
Project("{9A19103F-16F7-4668-BE54-9A1E7A4F7556}") = "ShopManagement.Domain", "ShopManagement.Domain\ShopManagement.Domain.csproj", "{317C9141-E61E-432C-98FA-5C50DD522A6A}"
EndProject
Project("{9A19103F-16F7-4668-BE54-9A1E7A4F7556}") = "0_Framework", "0_Framework\0_Framework.csproj", "{CA937339-08FA-488C-BF91-4CB0A47E840E}"
EndProject
Project("{2150E333-8FDC-42A3-9474-1A3956D46DE8}") = "SM.Application", "SM.Application", "{0BDE99DB-9384-4A04-8925-3538B0F97AC5}"
EndProject
Project("{9A19103F-16F7-4668-BE54-9A1E7A4F7556}") = "ShopManagement.Application.Contracts", "ShopManagement.Application.Contracts\ShopManagement.Application.Contracts.csproj", "{7BED8E37-1D22-47D0-BCA0-3C279D2AF5F5}"
EndProject
Project("{9A19103F-16F7-4668-BE54-9A1E7A4F7556}") = "ShopManagement.Application", "ShopManagement.Application\ShopManagement.Application.csproj", "{5355DD93-6C1B-4D0B-84D2-5F88E798EE3A}"
EndProject
Project("{2150E333-8FDC-42A3-9474-1A3956D46DE8}") = "SM.Infastructure", "SM.Infastructure", "{3D8A304F-6EBC-444B-AC1C-09295D266D79}"
EndProject
Project("{9A19103F-16F7-4668-BE54-9A1E7A4F7556}") = "ShopManagement.Infrastructure.EFCore", "ShopManagement.Infrastructure.EFCore\ShopManagement.Infrastructure.EFCore.csproj", "{C1A19987-51F5-4D0F-817F-1EA61FDDF380}"
EndProject
Project("{9A19103F-16F7-4668-BE54-9A1E7A4F7556}") = "ShopManagement.Configuration", "ShopManagement.Configuration\ShopManagement.Configuration.csproj", "{99F76137-7F99-4507-93EF-ECF3DB05DCF5}"
EndProject
Project("{9A19103F-16F7-4668-BE54-9A1E7A4F7556}") = "ServiceHost", "ServiceHost\ServiceHost.csproj", "{1547CE55-DA1B-4311-9449-F516637A6C01}"
EndProject
Project("{9A19103F-16F7-4668-BE54-9A1E7A4F7556}") = "01_ShopQuery", "01_ShopQuery\01_ShopQuery.csproj", "{6BA744A0-5BD3-4EA9-8765-145B5941D9D5}"
EndProject
Project("{2150E333-8FDC-42A3-9474-1A3956D46DE8}") = "DiscountManagement", "DiscountManagement", "{D6BAEFFC-7FF7-4B08-B1BB-5A5D8907088E}"
EndProject
Project("{2150E333-8FDC-42A3-9474-1A3956D46DE8}") = "DM.Domain", "DM.Domain", "{D4F6E9B1-DA20-4AB5-A180-731FED0C87AB}"
EndProject
Project("{9A19103F-16F7-4668-BE54-9A1E7A4F7556}") = "DiscountManagement.Domain", "DiscountManagement.Domain\DiscountManagement.Domain.csproj", "{5D489924-54F5-453D-B7D9-BA209B4926EA}"
EndProject
Project("{2150E333-8FDC-42A3-9474-1A3956D46DE8}") = "DM.Application", "DM.Application", "{1949AEC2-730F-4544-9836-0042BECA1E67}"
EndProject
Project("{9A19103F-16F7-4668-BE54-9A1E7A4F7556}") = "DiscountManagement.Application.Contract", "DiscountManagement.Application.Contract\DiscountManagement.Application.Contract.csproj", "{F45FB234-9C95-49BD-AC2D-28795359DDA7}"
EndProject
Project("{9A19103F-16F7-4668-BE54-9A1E7A4F7556}") = "DiscountManagement.Application", "DiscountManagement.Application\DiscountManagement.Application.csproj", "{57E2DF70-0FC4-4763-9E4D-B8D6CFFD5ACC}"
EndProject
Project("{2150E333-8FDC-42A3-9474-1A3956D46DE8}") = "DM.Infastructure", "DM.Infastructure", "{1F64578F-A377-4997-BC2D-229AE4F2F898}"
EndProject
Project("{9A19103F-16F7-4668-BE54-9A1E7A4F7556}") = "DiscountManagement.Infastructure.EFCore", "DiscountManagement.Infastructure.EFCore\DiscountManagement.Infastructure.EFCore.csproj", "{593D707F-22AB-433E-AC4A-E1410385DD42}"
EndProject
Project("{9A19103F-16F7-4668-BE54-9A1E7A4F7556}") = "DiscountManagement.Confogoration", "DiscountManagement.Confogoration\DiscountManagement.Confogoration.csproj", "{DB0A9FD6-BBB6-48EB-8EC2-D0F3D43AE0EE}"
EndProject
Project("{2150E333-8FDC-42A3-9474-1A3956D46DE8}") = "InventoryManagement", "InventoryManagement", "{9CC3E009-F7A7-4FE1-92E1-59D96460F289}"
EndProject
Project("{2150E333-8FDC-42A3-9474-1A3956D46DE8}") = "IM.Domain", "IM.Domain", "{ABE02179-F66D-4E67-907D-9AE4FF2DFDB3}"
EndProject
Project("{9A19103F-16F7-4668-BE54-9A1E7A4F7556}") = "InventoryManagement.Domain", "InventoryManagement.Domain\InventoryManagement.Domain.csproj", "{92291DAE-6458-4790-95DA-6A8CD6D42CE4}"
EndProject
Project("{2150E333-8FDC-42A3-9474-1A3956D46DE8}") = "IM.Application", "IM.Application", "{DFAA84E4-782B-44DA-9397-95EFA7BA925C}"
EndProject
Project("{9A19103F-16F7-4668-BE54-9A1E7A4F7556}") = "InventoryManagement.Application.Contract", "InventoryManagement.Application.Contract\InventoryManagement.Application.Contract.csproj", "{B041263E-E1AC-46C2-8A3B-2B384B295C48}"
EndProject
Project("{2150E333-8FDC-42A3-9474-1A3956D46DE8}") = "IM.Infrastructure", "IM.Infrastructure", "{75692803-6281-4D1A-BBA6-663A628AABEE}"
EndProject
Project("{9A19103F-16F7-4668-BE54-9A1E7A4F7556}") = "InventoryMangement.Infrastructure.EFCore", "InventoryMangement.Infrastructure.EFCore\InventoryMangement.Infrastructure.EFCore.csproj", "{6F9618B5-3090-4F9A-AE28-35C71640EC73}"
EndProject
Project("{9A19103F-16F7-4668-BE54-9A1E7A4F7556}") = "InventoryMangement.Infrastructure.Configuration", "InventoryMangement.Infrastructure.Configuration\InventoryMangement.Infrastructure.Configuration.csproj", "{6A675E24-BAB2-4CE0-9DF1-ACAABBE05AA7}"
EndProject
Project("{FAE04EC0-301F-11D3-BF4B-00C04F79EFBC}") = "InventoryManagement.Application", "InventoryManagement.Application\InventoryManagement.Application.csproj", "{415A3CA5-6FD1-4FEB-A7D9-88D24D1ACF99}"
EndProject
Global
	GlobalSection(SolutionConfigurationPlatforms) = preSolution
		Debug|Any CPU = Debug|Any CPU
		Release|Any CPU = Release|Any CPU
	EndGlobalSection
	GlobalSection(ProjectConfigurationPlatforms) = postSolution
		{317C9141-E61E-432C-98FA-5C50DD522A6A}.Debug|Any CPU.ActiveCfg = Debug|Any CPU
		{317C9141-E61E-432C-98FA-5C50DD522A6A}.Debug|Any CPU.Build.0 = Debug|Any CPU
		{317C9141-E61E-432C-98FA-5C50DD522A6A}.Release|Any CPU.ActiveCfg = Release|Any CPU
		{317C9141-E61E-432C-98FA-5C50DD522A6A}.Release|Any CPU.Build.0 = Release|Any CPU
		{CA937339-08FA-488C-BF91-4CB0A47E840E}.Debug|Any CPU.ActiveCfg = Debug|Any CPU
		{CA937339-08FA-488C-BF91-4CB0A47E840E}.Debug|Any CPU.Build.0 = Debug|Any CPU
		{CA937339-08FA-488C-BF91-4CB0A47E840E}.Release|Any CPU.ActiveCfg = Release|Any CPU
		{CA937339-08FA-488C-BF91-4CB0A47E840E}.Release|Any CPU.Build.0 = Release|Any CPU
		{7BED8E37-1D22-47D0-BCA0-3C279D2AF5F5}.Debug|Any CPU.ActiveCfg = Debug|Any CPU
		{7BED8E37-1D22-47D0-BCA0-3C279D2AF5F5}.Debug|Any CPU.Build.0 = Debug|Any CPU
		{7BED8E37-1D22-47D0-BCA0-3C279D2AF5F5}.Release|Any CPU.ActiveCfg = Release|Any CPU
		{7BED8E37-1D22-47D0-BCA0-3C279D2AF5F5}.Release|Any CPU.Build.0 = Release|Any CPU
		{5355DD93-6C1B-4D0B-84D2-5F88E798EE3A}.Debug|Any CPU.ActiveCfg = Debug|Any CPU
		{5355DD93-6C1B-4D0B-84D2-5F88E798EE3A}.Debug|Any CPU.Build.0 = Debug|Any CPU
		{5355DD93-6C1B-4D0B-84D2-5F88E798EE3A}.Release|Any CPU.ActiveCfg = Release|Any CPU
		{5355DD93-6C1B-4D0B-84D2-5F88E798EE3A}.Release|Any CPU.Build.0 = Release|Any CPU
		{C1A19987-51F5-4D0F-817F-1EA61FDDF380}.Debug|Any CPU.ActiveCfg = Debug|Any CPU
		{C1A19987-51F5-4D0F-817F-1EA61FDDF380}.Debug|Any CPU.Build.0 = Debug|Any CPU
		{C1A19987-51F5-4D0F-817F-1EA61FDDF380}.Release|Any CPU.ActiveCfg = Release|Any CPU
		{C1A19987-51F5-4D0F-817F-1EA61FDDF380}.Release|Any CPU.Build.0 = Release|Any CPU
		{99F76137-7F99-4507-93EF-ECF3DB05DCF5}.Debug|Any CPU.ActiveCfg = Debug|Any CPU
		{99F76137-7F99-4507-93EF-ECF3DB05DCF5}.Debug|Any CPU.Build.0 = Debug|Any CPU
		{99F76137-7F99-4507-93EF-ECF3DB05DCF5}.Release|Any CPU.ActiveCfg = Release|Any CPU
		{99F76137-7F99-4507-93EF-ECF3DB05DCF5}.Release|Any CPU.Build.0 = Release|Any CPU
		{1547CE55-DA1B-4311-9449-F516637A6C01}.Debug|Any CPU.ActiveCfg = Debug|Any CPU
		{1547CE55-DA1B-4311-9449-F516637A6C01}.Debug|Any CPU.Build.0 = Debug|Any CPU
		{1547CE55-DA1B-4311-9449-F516637A6C01}.Release|Any CPU.ActiveCfg = Release|Any CPU
		{1547CE55-DA1B-4311-9449-F516637A6C01}.Release|Any CPU.Build.0 = Release|Any CPU
		{6BA744A0-5BD3-4EA9-8765-145B5941D9D5}.Debug|Any CPU.ActiveCfg = Debug|Any CPU
		{6BA744A0-5BD3-4EA9-8765-145B5941D9D5}.Debug|Any CPU.Build.0 = Debug|Any CPU
		{6BA744A0-5BD3-4EA9-8765-145B5941D9D5}.Release|Any CPU.ActiveCfg = Release|Any CPU
		{6BA744A0-5BD3-4EA9-8765-145B5941D9D5}.Release|Any CPU.Build.0 = Release|Any CPU
		{5D489924-54F5-453D-B7D9-BA209B4926EA}.Debug|Any CPU.ActiveCfg = Debug|Any CPU
		{5D489924-54F5-453D-B7D9-BA209B4926EA}.Debug|Any CPU.Build.0 = Debug|Any CPU
		{5D489924-54F5-453D-B7D9-BA209B4926EA}.Release|Any CPU.ActiveCfg = Release|Any CPU
		{5D489924-54F5-453D-B7D9-BA209B4926EA}.Release|Any CPU.Build.0 = Release|Any CPU
		{F45FB234-9C95-49BD-AC2D-28795359DDA7}.Debug|Any CPU.ActiveCfg = Debug|Any CPU
		{F45FB234-9C95-49BD-AC2D-28795359DDA7}.Debug|Any CPU.Build.0 = Debug|Any CPU
		{F45FB234-9C95-49BD-AC2D-28795359DDA7}.Release|Any CPU.ActiveCfg = Release|Any CPU
		{F45FB234-9C95-49BD-AC2D-28795359DDA7}.Release|Any CPU.Build.0 = Release|Any CPU
		{57E2DF70-0FC4-4763-9E4D-B8D6CFFD5ACC}.Debug|Any CPU.ActiveCfg = Debug|Any CPU
		{57E2DF70-0FC4-4763-9E4D-B8D6CFFD5ACC}.Debug|Any CPU.Build.0 = Debug|Any CPU
		{57E2DF70-0FC4-4763-9E4D-B8D6CFFD5ACC}.Release|Any CPU.ActiveCfg = Release|Any CPU
		{57E2DF70-0FC4-4763-9E4D-B8D6CFFD5ACC}.Release|Any CPU.Build.0 = Release|Any CPU
		{593D707F-22AB-433E-AC4A-E1410385DD42}.Debug|Any CPU.ActiveCfg = Debug|Any CPU
		{593D707F-22AB-433E-AC4A-E1410385DD42}.Debug|Any CPU.Build.0 = Debug|Any CPU
		{593D707F-22AB-433E-AC4A-E1410385DD42}.Release|Any CPU.ActiveCfg = Release|Any CPU
		{593D707F-22AB-433E-AC4A-E1410385DD42}.Release|Any CPU.Build.0 = Release|Any CPU
		{DB0A9FD6-BBB6-48EB-8EC2-D0F3D43AE0EE}.Debug|Any CPU.ActiveCfg = Debug|Any CPU
		{DB0A9FD6-BBB6-48EB-8EC2-D0F3D43AE0EE}.Debug|Any CPU.Build.0 = Debug|Any CPU
		{DB0A9FD6-BBB6-48EB-8EC2-D0F3D43AE0EE}.Release|Any CPU.ActiveCfg = Release|Any CPU
		{DB0A9FD6-BBB6-48EB-8EC2-D0F3D43AE0EE}.Release|Any CPU.Build.0 = Release|Any CPU
		{92291DAE-6458-4790-95DA-6A8CD6D42CE4}.Debug|Any CPU.ActiveCfg = Debug|Any CPU
		{92291DAE-6458-4790-95DA-6A8CD6D42CE4}.Debug|Any CPU.Build.0 = Debug|Any CPU
		{92291DAE-6458-4790-95DA-6A8CD6D42CE4}.Release|Any CPU.ActiveCfg = Release|Any CPU
		{92291DAE-6458-4790-95DA-6A8CD6D42CE4}.Release|Any CPU.Build.0 = Release|Any CPU
		{B041263E-E1AC-46C2-8A3B-2B384B295C48}.Debug|Any CPU.ActiveCfg = Debug|Any CPU
		{B041263E-E1AC-46C2-8A3B-2B384B295C48}.Debug|Any CPU.Build.0 = Debug|Any CPU
		{B041263E-E1AC-46C2-8A3B-2B384B295C48}.Release|Any CPU.ActiveCfg = Release|Any CPU
		{B041263E-E1AC-46C2-8A3B-2B384B295C48}.Release|Any CPU.Build.0 = Release|Any CPU
		{6F9618B5-3090-4F9A-AE28-35C71640EC73}.Debug|Any CPU.ActiveCfg = Debug|Any CPU
		{6F9618B5-3090-4F9A-AE28-35C71640EC73}.Debug|Any CPU.Build.0 = Debug|Any CPU
		{6F9618B5-3090-4F9A-AE28-35C71640EC73}.Release|Any CPU.ActiveCfg = Release|Any CPU
		{6F9618B5-3090-4F9A-AE28-35C71640EC73}.Release|Any CPU.Build.0 = Release|Any CPU
		{6A675E24-BAB2-4CE0-9DF1-ACAABBE05AA7}.Debug|Any CPU.ActiveCfg = Debug|Any CPU
		{6A675E24-BAB2-4CE0-9DF1-ACAABBE05AA7}.Debug|Any CPU.Build.0 = Debug|Any CPU
		{6A675E24-BAB2-4CE0-9DF1-ACAABBE05AA7}.Release|Any CPU.ActiveCfg = Release|Any CPU
		{6A675E24-BAB2-4CE0-9DF1-ACAABBE05AA7}.Release|Any CPU.Build.0 = Release|Any CPU
		{415A3CA5-6FD1-4FEB-A7D9-88D24D1ACF99}.Debug|Any CPU.ActiveCfg = Debug|Any CPU
		{415A3CA5-6FD1-4FEB-A7D9-88D24D1ACF99}.Debug|Any CPU.Build.0 = Debug|Any CPU
		{415A3CA5-6FD1-4FEB-A7D9-88D24D1ACF99}.Release|Any CPU.ActiveCfg = Release|Any CPU
		{415A3CA5-6FD1-4FEB-A7D9-88D24D1ACF99}.Release|Any CPU.Build.0 = Release|Any CPU
	EndGlobalSection
	GlobalSection(SolutionProperties) = preSolution
		HideSolutionNode = FALSE
	EndGlobalSection
	GlobalSection(NestedProjects) = preSolution
		{016DF830-9067-4DDE-BE0D-67711D11E14E} = {33461DAE-9A58-403E-B800-671F7743C2D8}
		{317C9141-E61E-432C-98FA-5C50DD522A6A} = {016DF830-9067-4DDE-BE0D-67711D11E14E}
		{0BDE99DB-9384-4A04-8925-3538B0F97AC5} = {33461DAE-9A58-403E-B800-671F7743C2D8}
		{7BED8E37-1D22-47D0-BCA0-3C279D2AF5F5} = {0BDE99DB-9384-4A04-8925-3538B0F97AC5}
		{5355DD93-6C1B-4D0B-84D2-5F88E798EE3A} = {0BDE99DB-9384-4A04-8925-3538B0F97AC5}
		{3D8A304F-6EBC-444B-AC1C-09295D266D79} = {33461DAE-9A58-403E-B800-671F7743C2D8}
		{C1A19987-51F5-4D0F-817F-1EA61FDDF380} = {3D8A304F-6EBC-444B-AC1C-09295D266D79}
		{99F76137-7F99-4507-93EF-ECF3DB05DCF5} = {3D8A304F-6EBC-444B-AC1C-09295D266D79}
		{D4F6E9B1-DA20-4AB5-A180-731FED0C87AB} = {D6BAEFFC-7FF7-4B08-B1BB-5A5D8907088E}
		{5D489924-54F5-453D-B7D9-BA209B4926EA} = {D4F6E9B1-DA20-4AB5-A180-731FED0C87AB}
		{1949AEC2-730F-4544-9836-0042BECA1E67} = {D6BAEFFC-7FF7-4B08-B1BB-5A5D8907088E}
		{F45FB234-9C95-49BD-AC2D-28795359DDA7} = {1949AEC2-730F-4544-9836-0042BECA1E67}
		{57E2DF70-0FC4-4763-9E4D-B8D6CFFD5ACC} = {1949AEC2-730F-4544-9836-0042BECA1E67}
		{1F64578F-A377-4997-BC2D-229AE4F2F898} = {D6BAEFFC-7FF7-4B08-B1BB-5A5D8907088E}
		{593D707F-22AB-433E-AC4A-E1410385DD42} = {1F64578F-A377-4997-BC2D-229AE4F2F898}
		{DB0A9FD6-BBB6-48EB-8EC2-D0F3D43AE0EE} = {1F64578F-A377-4997-BC2D-229AE4F2F898}
		{ABE02179-F66D-4E67-907D-9AE4FF2DFDB3} = {9CC3E009-F7A7-4FE1-92E1-59D96460F289}
		{92291DAE-6458-4790-95DA-6A8CD6D42CE4} = {ABE02179-F66D-4E67-907D-9AE4FF2DFDB3}
		{DFAA84E4-782B-44DA-9397-95EFA7BA925C} = {9CC3E009-F7A7-4FE1-92E1-59D96460F289}
		{B041263E-E1AC-46C2-8A3B-2B384B295C48} = {DFAA84E4-782B-44DA-9397-95EFA7BA925C}
		{75692803-6281-4D1A-BBA6-663A628AABEE} = {9CC3E009-F7A7-4FE1-92E1-59D96460F289}
		{6F9618B5-3090-4F9A-AE28-35C71640EC73} = {75692803-6281-4D1A-BBA6-663A628AABEE}
		{6A675E24-BAB2-4CE0-9DF1-ACAABBE05AA7} = {75692803-6281-4D1A-BBA6-663A628AABEE}
		{415A3CA5-6FD1-4FEB-A7D9-88D24D1ACF99} = {DFAA84E4-782B-44DA-9397-95EFA7BA925C}
	EndGlobalSection
	GlobalSection(ExtensibilityGlobals) = postSolution
		SolutionGuid = {57EDF597-76E6-4595-924C-DAAF533584B2}
	EndGlobalSection
EndGlobal
